// !$*UTF8*$!
{
	archiveVersion = 1;
	classes = {
	};
	objectVersion = 46;
	objects = {

/* Begin PBXBuildFile section */
		F19F937D1C477E82005AF508 /* btn_franklychat@2x.png in Resources */ = {isa = PBXBuildFile; fileRef = F19F937B1C477E82005AF508 /* btn_franklychat@2x.png */; };
		F19F937E1C477E82005AF508 /* btn_friend_on@2x.png in Resources */ = {isa = PBXBuildFile; fileRef = F19F937C1C477E82005AF508 /* btn_friend_on@2x.png */; };
		F19F93801C477F4E005AF508 /* TUGoldspoonViewController.swift in Sources */ = {isa = PBXBuildFile; fileRef = F19F937F1C477F4E005AF508 /* TUGoldspoonViewController.swift */; };
		F19F93821C477F62005AF508 /* TUTransitionViewController.swift in Sources */ = {isa = PBXBuildFile; fileRef = F19F93811C477F62005AF508 /* TUTransitionViewController.swift */; };
		F19F93841C47806A005AF508 /* goldspoon.jpg in Resources */ = {isa = PBXBuildFile; fileRef = F19F93831C47806A005AF508 /* goldspoon.jpg */; };
		F19F93861C47891C005AF508 /* TUFirstViewController.swift in Sources */ = {isa = PBXBuildFile; fileRef = F19F93851C47891C005AF508 /* TUFirstViewController.swift */; };
		F19F93881C47892C005AF508 /* TUSecondViewController.swift in Sources */ = {isa = PBXBuildFile; fileRef = F19F93871C47892C005AF508 /* TUSecondViewController.swift */; };
		F19F938A1C478939005AF508 /* TUThirdViewController.swift in Sources */ = {isa = PBXBuildFile; fileRef = F19F93891C478939005AF508 /* TUThirdViewController.swift */; };
		F19F938C1C478945005AF508 /* TUFourthViewController.swift in Sources */ = {isa = PBXBuildFile; fileRef = F19F938B1C478945005AF508 /* TUFourthViewController.swift */; };
		F19F93951C47903D005AF508 /* off.png in Resources */ = {isa = PBXBuildFile; fileRef = F19F93931C47903D005AF508 /* off.png */; };
		F19F93961C47903D005AF508 /* on.png in Resources */ = {isa = PBXBuildFile; fileRef = F19F93941C47903D005AF508 /* on.png */; };
		F1C3D3631C4688D7007B13EB /* AppDelegate.swift in Sources */ = {isa = PBXBuildFile; fileRef = F1C3D3621C4688D7007B13EB /* AppDelegate.swift */; };
		F1C3D3651C4688D7007B13EB /* ViewController.swift in Sources */ = {isa = PBXBuildFile; fileRef = F1C3D3641C4688D7007B13EB /* ViewController.swift */; };
		F1C3D3681C4688D7007B13EB /* Main.storyboard in Resources */ = {isa = PBXBuildFile; fileRef = F1C3D3661C4688D7007B13EB /* Main.storyboard */; };
		F1C3D36A1C4688D7007B13EB /* Assets.xcassets in Resources */ = {isa = PBXBuildFile; fileRef = F1C3D3691C4688D7007B13EB /* Assets.xcassets */; };
		F1C3D36D1C4688D7007B13EB /* LaunchScreen.storyboard in Resources */ = {isa = PBXBuildFile; fileRef = F1C3D36B1C4688D7007B13EB /* LaunchScreen.storyboard */; };
		F1C3D3761C4689D8007B13EB /* screen.jpg in Resources */ = {isa = PBXBuildFile; fileRef = F1C3D3751C4689D8007B13EB /* screen.jpg */; };
		F1C3D37D1C468A31007B13EB /* Icon-Small@2x.png in Resources */ = {isa = PBXBuildFile; fileRef = F1C3D3771C468A31007B13EB /* Icon-Small@2x.png */; };
		F1C3D37E1C468A31007B13EB /* Icon-Small@3x.png in Resources */ = {isa = PBXBuildFile; fileRef = F1C3D3781C468A31007B13EB /* Icon-Small@3x.png */; };
		F1C3D37F1C468A31007B13EB /* Icon-40@3x.png in Resources */ = {isa = PBXBuildFile; fileRef = F1C3D3791C468A31007B13EB /* Icon-40@3x.png */; };
		F1C3D3801C468A31007B13EB /* Icon-60@2x.png in Resources */ = {isa = PBXBuildFile; fileRef = F1C3D37A1C468A31007B13EB /* Icon-60@2x.png */; };
		F1C3D3811C468A31007B13EB /* Icon-40@2x.png in Resources */ = {isa = PBXBuildFile; fileRef = F1C3D37B1C468A31007B13EB /* Icon-40@2x.png */; };
		F1C3D3821C468A31007B13EB /* Icon-60@3x.png in Resources */ = {isa = PBXBuildFile; fileRef = F1C3D37C1C468A31007B13EB /* Icon-60@3x.png */; };
		F1C8AEAD1C60961B00B5FCD3 /* TUStudentAViewController.swift in Sources */ = {isa = PBXBuildFile; fileRef = F1C8AEAC1C60961B00B5FCD3 /* TUStudentAViewController.swift */; };
		F1C8AEAF1C60971100B5FCD3 /* TUStudentGeneral.swift in Sources */ = {isa = PBXBuildFile; fileRef = F1C8AEAE1C60971100B5FCD3 /* TUStudentGeneral.swift */; };
/* End PBXBuildFile section */

/* Begin PBXFileReference section */
		F19F937B1C477E82005AF508 /* btn_franklychat@2x.png */ = {isa = PBXFileReference; lastKnownFileType = image.png; path = "btn_franklychat@2x.png"; sourceTree = "<group>"; };
		F19F937C1C477E82005AF508 /* btn_friend_on@2x.png */ = {isa = PBXFileReference; lastKnownFileType = image.png; path = "btn_friend_on@2x.png"; sourceTree = "<group>"; };
		F19F937F1C477F4E005AF508 /* TUGoldspoonViewController.swift */ = {isa = PBXFileReference; fileEncoding = 4; lastKnownFileType = sourcecode.swift; path = TUGoldspoonViewController.swift; sourceTree = "<group>"; };
		F19F93811C477F62005AF508 /* TUTransitionViewController.swift */ = {isa = PBXFileReference; fileEncoding = 4; lastKnownFileType = sourcecode.swift; path = TUTransitionViewController.swift; sourceTree = "<group>"; };
		F19F93831C47806A005AF508 /* goldspoon.jpg */ = {isa = PBXFileReference; lastKnownFileType = image.jpeg; path = goldspoon.jpg; sourceTree = "<group>"; };
		F19F93851C47891C005AF508 /* TUFirstViewController.swift */ = {isa = PBXFileReference; fileEncoding = 4; lastKnownFileType = sourcecode.swift; path = TUFirstViewController.swift; sourceTree = "<group>"; };
		F19F93871C47892C005AF508 /* TUSecondViewController.swift */ = {isa = PBXFileReference; fileEncoding = 4; lastKnownFileType = sourcecode.swift; path = TUSecondViewController.swift; sourceTree = "<group>"; };
		F19F93891C478939005AF508 /* TUThirdViewController.swift */ = {isa = PBXFileReference; fileEncoding = 4; lastKnownFileType = sourcecode.swift; path = TUThirdViewController.swift; sourceTree = "<group>"; };
		F19F938B1C478945005AF508 /* TUFourthViewController.swift */ = {isa = PBXFileReference; fileEncoding = 4; lastKnownFileType = sourcecode.swift; path = TUFourthViewController.swift; sourceTree = "<group>"; };
		F19F93931C47903D005AF508 /* off.png */ = {isa = PBXFileReference; lastKnownFileType = image.png; path = off.png; sourceTree = "<group>"; };
		F19F93941C47903D005AF508 /* on.png */ = {isa = PBXFileReference; lastKnownFileType = image.png; path = on.png; sourceTree = "<group>"; };
		F1C3D35F1C4688D7007B13EB /* Tutorial.app */ = {isa = PBXFileReference; explicitFileType = wrapper.application; includeInIndex = 0; path = Tutorial.app; sourceTree = BUILT_PRODUCTS_DIR; };
		F1C3D3621C4688D7007B13EB /* AppDelegate.swift */ = {isa = PBXFileReference; lastKnownFileType = sourcecode.swift; path = AppDelegate.swift; sourceTree = "<group>"; };
		F1C3D3641C4688D7007B13EB /* ViewController.swift */ = {isa = PBXFileReference; lastKnownFileType = sourcecode.swift; path = ViewController.swift; sourceTree = "<group>"; };
		F1C3D3671C4688D7007B13EB /* Base */ = {isa = PBXFileReference; lastKnownFileType = file.storyboard; name = Base; path = Base.lproj/Main.storyboard; sourceTree = "<group>"; };
		F1C3D3691C4688D7007B13EB /* Assets.xcassets */ = {isa = PBXFileReference; lastKnownFileType = folder.assetcatalog; path = Assets.xcassets; sourceTree = "<group>"; };
		F1C3D36C1C4688D7007B13EB /* Base */ = {isa = PBXFileReference; lastKnownFileType = file.storyboard; name = Base; path = Base.lproj/LaunchScreen.storyboard; sourceTree = "<group>"; };
		F1C3D36E1C4688D7007B13EB /* Info.plist */ = {isa = PBXFileReference; lastKnownFileType = text.plist.xml; path = Info.plist; sourceTree = "<group>"; };
		F1C3D3751C4689D8007B13EB /* screen.jpg */ = {isa = PBXFileReference; lastKnownFileType = image.jpeg; path = screen.jpg; sourceTree = "<group>"; };
		F1C3D3771C468A31007B13EB /* Icon-Small@2x.png */ = {isa = PBXFileReference; lastKnownFileType = image.png; path = "Icon-Small@2x.png"; sourceTree = "<group>"; };
		F1C3D3781C468A31007B13EB /* Icon-Small@3x.png */ = {isa = PBXFileReference; lastKnownFileType = image.png; path = "Icon-Small@3x.png"; sourceTree = "<group>"; };
		F1C3D3791C468A31007B13EB /* Icon-40@3x.png */ = {isa = PBXFileReference; lastKnownFileType = image.png; path = "Icon-40@3x.png"; sourceTree = "<group>"; };
		F1C3D37A1C468A31007B13EB /* Icon-60@2x.png */ = {isa = PBXFileReference; lastKnownFileType = image.png; path = "Icon-60@2x.png"; sourceTree = "<group>"; };
		F1C3D37B1C468A31007B13EB /* Icon-40@2x.png */ = {isa = PBXFileReference; lastKnownFileType = image.png; path = "Icon-40@2x.png"; sourceTree = "<group>"; };
		F1C3D37C1C468A31007B13EB /* Icon-60@3x.png */ = {isa = PBXFileReference; lastKnownFileType = image.png; path = "Icon-60@3x.png"; sourceTree = "<group>"; };
		F1C8AEAC1C60961B00B5FCD3 /* TUStudentAViewController.swift */ = {isa = PBXFileReference; fileEncoding = 4; lastKnownFileType = sourcecode.swift; path = TUStudentAViewController.swift; sourceTree = "<group>"; };
		F1C8AEAE1C60971100B5FCD3 /* TUStudentGeneral.swift */ = {isa = PBXFileReference; fileEncoding = 4; lastKnownFileType = sourcecode.swift; path = TUStudentGeneral.swift; sourceTree = "<group>"; };
/* End PBXFileReference section */

/* Begin PBXFrameworksBuildPhase section */
		F1C3D35C1C4688D7007B13EB /* Frameworks */ = {
			isa = PBXFrameworksBuildPhase;
			buildActionMask = 2147483647;
			files = (
			);
			runOnlyForDeploymentPostprocessing = 0;
		};
/* End PBXFrameworksBuildPhase section */

/* Begin PBXGroup section */
		F1C3D3561C4688D6007B13EB = {
			isa = PBXGroup;
			children = (
				F1C3D3611C4688D7007B13EB /* Tutorial */,
				F1C3D3601C4688D7007B13EB /* Products */,
			);
			sourceTree = "<group>";
		};
		F1C3D3601C4688D7007B13EB /* Products */ = {
			isa = PBXGroup;
			children = (
				F1C3D35F1C4688D7007B13EB /* Tutorial.app */,
			);
			name = Products;
			sourceTree = "<group>";
		};
		F1C3D3611C4688D7007B13EB /* Tutorial */ = {
			isa = PBXGroup;
			children = (
				F1C3D3741C468916007B13EB /* Resource */,
				F1C8AEAB1C60959C00B5FCD3 /* Day1 */,
				F1C3D3621C4688D7007B13EB /* AppDelegate.swift */,
				F1C3D3641C4688D7007B13EB /* ViewController.swift */,
				F1C3D3661C4688D7007B13EB /* Main.storyboard */,
				F1C3D3691C4688D7007B13EB /* Assets.xcassets */,
				F1C3D36B1C4688D7007B13EB /* LaunchScreen.storyboard */,
				F1C3D36E1C4688D7007B13EB /* Info.plist */,
				F1C8AEAC1C60961B00B5FCD3 /* TUStudentAViewController.swift */,
				F1C8AEAE1C60971100B5FCD3 /* TUStudentGeneral.swift */,
			);
			path = Tutorial;
			sourceTree = "<group>";
		};
		F1C3D3741C468916007B13EB /* Resource */ = {
			isa = PBXGroup;
			children = (
				F1C3D3751C4689D8007B13EB /* screen.jpg */,
				F1C3D3771C468A31007B13EB /* Icon-Small@2x.png */,
				F1C3D3781C468A31007B13EB /* Icon-Small@3x.png */,
				F1C3D3791C468A31007B13EB /* Icon-40@3x.png */,
				F1C3D37A1C468A31007B13EB /* Icon-60@2x.png */,
				F1C3D37B1C468A31007B13EB /* Icon-40@2x.png */,
				F1C3D37C1C468A31007B13EB /* Icon-60@3x.png */,
				F19F937B1C477E82005AF508 /* btn_franklychat@2x.png */,
				F19F937C1C477E82005AF508 /* btn_friend_on@2x.png */,
				F19F93831C47806A005AF508 /* goldspoon.jpg */,
				F19F93941C47903D005AF508 /* on.png */,
				F19F93931C47903D005AF508 /* off.png */,
			);
			name = Resource;
			sourceTree = "<group>";
		};
		F1C8AEAB1C60959C00B5FCD3 /* Day1 */ = {
			isa = PBXGroup;
			children = (
				F19F937F1C477F4E005AF508 /* TUGoldspoonViewController.swift */,
				F19F93811C477F62005AF508 /* TUTransitionViewController.swift */,
				F19F93851C47891C005AF508 /* TUFirstViewController.swift */,
				F19F93871C47892C005AF508 /* TUSecondViewController.swift */,
				F19F93891C478939005AF508 /* TUThirdViewController.swift */,
				F19F938B1C478945005AF508 /* TUFourthViewController.swift */,
			);
			name = Day1;
			sourceTree = "<group>";
		};
/* End PBXGroup section */

/* Begin PBXNativeTarget section */
		F1C3D35E1C4688D7007B13EB /* Tutorial */ = {
			isa = PBXNativeTarget;
			buildConfigurationList = F1C3D3711C4688D7007B13EB /* Build configuration list for PBXNativeTarget "Tutorial" */;
			buildPhases = (
				F1C3D35B1C4688D7007B13EB /* Sources */,
				F1C3D35C1C4688D7007B13EB /* Frameworks */,
				F1C3D35D1C4688D7007B13EB /* Resources */,
			);
			buildRules = (
			);
			dependencies = (
			);
			name = Tutorial;
			productName = Tutorial;
			productReference = F1C3D35F1C4688D7007B13EB /* Tutorial.app */;
			productType = "com.apple.product-type.application";
		};
/* End PBXNativeTarget section */

/* Begin PBXProject section */
		F1C3D3571C4688D6007B13EB /* Project object */ = {
			isa = PBXProject;
			attributes = {
				LastSwiftUpdateCheck = 0720;
				LastUpgradeCheck = 0720;
				ORGANIZATIONNAME = "Hun Namkoong";
				TargetAttributes = {
					F1C3D35E1C4688D7007B13EB = {
						CreatedOnToolsVersion = 7.2;
					};
				};
			};
			buildConfigurationList = F1C3D35A1C4688D6007B13EB /* Build configuration list for PBXProject "Tutorial" */;
			compatibilityVersion = "Xcode 3.2";
			developmentRegion = English;
			hasScannedForEncodings = 0;
			knownRegions = (
				en,
				Base,
			);
			mainGroup = F1C3D3561C4688D6007B13EB;
			productRefGroup = F1C3D3601C4688D7007B13EB /* Products */;
			projectDirPath = "";
			projectRoot = "";
			targets = (
				F1C3D35E1C4688D7007B13EB /* Tutorial */,
			);
		};
/* End PBXProject section */

/* Begin PBXResourcesBuildPhase section */
		F1C3D35D1C4688D7007B13EB /* Resources */ = {
			isa = PBXResourcesBuildPhase;
			buildActionMask = 2147483647;
			files = (
				F19F937E1C477E82005AF508 /* btn_friend_on@2x.png in Resources */,
				F19F937D1C477E82005AF508 /* btn_franklychat@2x.png in Resources */,
				F1C3D37E1C468A31007B13EB /* Icon-Small@3x.png in Resources */,
				F1C3D36D1C4688D7007B13EB /* LaunchScreen.storyboard in Resources */,
				F1C3D3761C4689D8007B13EB /* screen.jpg in Resources */,
				F19F93961C47903D005AF508 /* on.png in Resources */,
				F1C3D3811C468A31007B13EB /* Icon-40@2x.png in Resources */,
				F1C3D36A1C4688D7007B13EB /* Assets.xcassets in Resources */,
				F1C3D37D1C468A31007B13EB /* Icon-Small@2x.png in Resources */,
				F1C3D3821C468A31007B13EB /* Icon-60@3x.png in Resources */,
				F19F93951C47903D005AF508 /* off.png in Resources */,
				F1C3D37F1C468A31007B13EB /* Icon-40@3x.png in Resources */,
				F1C3D3681C4688D7007B13EB /* Main.storyboard in Resources */,
				F1C3D3801C468A31007B13EB /* Icon-60@2x.png in Resources */,
				F19F93841C47806A005AF508 /* goldspoon.jpg in Resources */,
			);
			runOnlyForDeploymentPostprocessing = 0;
		};
/* End PBXResourcesBuildPhase section */

/* Begin PBXSourcesBuildPhase section */
		F1C3D35B1C4688D7007B13EB /* Sources */ = {
			isa = PBXSourcesBuildPhase;
			buildActionMask = 2147483647;
			files = (
				F19F93821C477F62005AF508 /* TUTransitionViewController.swift in Sources */,
				F1C8AEAD1C60961B00B5FCD3 /* TUStudentAViewController.swift in Sources */,
				F19F938A1C478939005AF508 /* TUThirdViewController.swift in Sources */,
				F19F93881C47892C005AF508 /* TUSecondViewController.swift in Sources */,
				F19F93801C477F4E005AF508 /* TUGoldspoonViewController.swift in Sources */,
				F19F93861C47891C005AF508 /* TUFirstViewController.swift in Sources */,
				F1C8AEAF1C60971100B5FCD3 /* TUStudentGeneral.swift in Sources */,
				F1C3D3651C4688D7007B13EB /* ViewController.swift in Sources */,
				F1C3D3631C4688D7007B13EB /* AppDelegate.swift in Sources */,
				F19F938C1C478945005AF508 /* TUFourthViewController.swift in Sources */,
			);
			runOnlyForDeploymentPostprocessing = 0;
		};
/* End PBXSourcesBuildPhase section */

/* Begin PBXVariantGroup section */
		F1C3D3661C4688D7007B13EB /* Main.storyboard */ = {
			isa = PBXVariantGroup;
			children = (
				F1C3D3671C4688D7007B13EB /* Base */,
			);
			name = Main.storyboard;
			sourceTree = "<group>";
		};
		F1C3D36B1C4688D7007B13EB /* LaunchScreen.storyboard */ = {
			isa = PBXVariantGroup;
			children = (
				F1C3D36C1C4688D7007B13EB /* Base */,
			);
			name = LaunchScreen.storyboard;
			sourceTree = "<group>";
		};
/* End PBXVariantGroup section */

/* Begin XCBuildConfiguration section */
		F1C3D36F1C4688D7007B13EB /* Debug */ = {
			isa = XCBuildConfiguration;
			buildSettings = {
				ALWAYS_SEARCH_USER_PATHS = NO;
				CLANG_CXX_LANGUAGE_STANDARD = "gnu++0x";
				CLANG_CXX_LIBRARY = "libc++";
				CLANG_ENABLE_MODULES = YES;
				CLANG_ENABLE_OBJC_ARC = YES;
				CLANG_WARN_BOOL_CONVERSION = YES;
				CLANG_WARN_CONSTANT_CONVERSION = YES;
				CLANG_WARN_DIRECT_OBJC_ISA_USAGE = YES_ERROR;
				CLANG_WARN_EMPTY_BODY = YES;
				CLANG_WARN_ENUM_CONVERSION = YES;
				CLANG_WARN_INT_CONVERSION = YES;
				CLANG_WARN_OBJC_ROOT_CLASS = YES_ERROR;
				CLANG_WARN_UNREACHABLE_CODE = YES;
				CLANG_WARN__DUPLICATE_METHOD_MATCH = YES;
				"CODE_SIGN_IDENTITY[sdk=iphoneos*]" = "iPhone Developer";
				COPY_PHASE_STRIP = NO;
				DEBUG_INFORMATION_FORMAT = dwarf;
				ENABLE_STRICT_OBJC_MSGSEND = YES;
				ENABLE_TESTABILITY = YES;
				GCC_C_LANGUAGE_STANDARD = gnu99;
				GCC_DYNAMIC_NO_PIC = NO;
				GCC_NO_COMMON_BLOCKS = YES;
				GCC_OPTIMIZATION_LEVEL = 0;
				GCC_PREPROCESSOR_DEFINITIONS = (
					"DEBUG=1",
					"$(inherited)",
				);
				GCC_WARN_64_TO_32_BIT_CONVERSION = YES;
				GCC_WARN_ABOUT_RETURN_TYPE = YES_ERROR;
				GCC_WARN_UNDECLARED_SELECTOR = YES;
				GCC_WARN_UNINITIALIZED_AUTOS = YES_AGGRESSIVE;
				GCC_WARN_UNUSED_FUNCTION = YES;
				GCC_WARN_UNUSED_VARIABLE = YES;
				IPHONEOS_DEPLOYMENT_TARGET = 9.2;
				MTL_ENABLE_DEBUG_INFO = YES;
				ONLY_ACTIVE_ARCH = YES;
				SDKROOT = iphoneos;
				SWIFT_OPTIMIZATION_LEVEL = "-Onone";
			};
			name = Debug;
		};
		F1C3D3701C4688D7007B13EB /* Release */ = {
			isa = XCBuildConfiguration;
			buildSettings = {
				ALWAYS_SEARCH_USER_PATHS = NO;
				CLANG_CXX_LANGUAGE_STANDARD = "gnu++0x";
				CLANG_CXX_LIBRARY = "libc++";
				CLANG_ENABLE_MODULES = YES;
				CLANG_ENABLE_OBJC_ARC = YES;
				CLANG_WARN_BOOL_CONVERSION = YES;
				CLANG_WARN_CONSTANT_CONVERSION = YES;
				CLANG_WARN_DIRECT_OBJC_ISA_USAGE = YES_ERROR;
				CLANG_WARN_EMPTY_BODY = YES;
				CLANG_WARN_ENUM_CONVERSION = YES;
				CLANG_WARN_INT_CONVERSION = YES;
				CLANG_WARN_OBJC_ROOT_CLASS = YES_ERROR;
				CLANG_WARN_UNREACHABLE_CODE = YES;
				CLANG_WARN__DUPLICATE_METHOD_MATCH = YES;
				"CODE_SIGN_IDENTITY[sdk=iphoneos*]" = "iPhone Developer";
				COPY_PHASE_STRIP = NO;
				DEBUG_INFORMATION_FORMAT = "dwarf-with-dsym";
				ENABLE_NS_ASSERTIONS = NO;
				ENABLE_STRICT_OBJC_MSGSEND = YES;
				GCC_C_LANGUAGE_STANDARD = gnu99;
				GCC_NO_COMMON_BLOCKS = YES;
				GCC_WARN_64_TO_32_BIT_CONVERSION = YES;
				GCC_WARN_ABOUT_RETURN_TYPE = YES_ERROR;
				GCC_WARN_UNDECLARED_SELECTOR = YES;
				GCC_WARN_UNINITIALIZED_AUTOS = YES_AGGRESSIVE;
				GCC_WARN_UNUSED_FUNCTION = YES;
				GCC_WARN_UNUSED_VARIABLE = YES;
				IPHONEOS_DEPLOYMENT_TARGET = 9.2;
				MTL_ENABLE_DEBUG_INFO = NO;
				SDKROOT = iphoneos;
				VALIDATE_PRODUCT = YES;
			};
			name = Release;
		};
		F1C3D3721C4688D7007B13EB /* Debug */ = {
			isa = XCBuildConfiguration;
			buildSettings = {
				ASSETCATALOG_COMPILER_APPICON_NAME = AppIcon;
				INFOPLIST_FILE = Tutorial/Info.plist;
				LD_RUNPATH_SEARCH_PATHS = "$(inherited) @executable_path/Frameworks";
				PRODUCT_BUNDLE_IDENTIFIER = person.hnamkung.Tutorial;
				PRODUCT_NAME = "$(TARGET_NAME)";
			};
			name = Debug;
		};
		F1C3D3731C4688D7007B13EB /* Release */ = {
			isa = XCBuildConfiguration;
			buildSettings = {
				ASSETCATALOG_COMPILER_APPICON_NAME = AppIcon;
				INFOPLIST_FILE = Tutorial/Info.plist;
				LD_RUNPATH_SEARCH_PATHS = "$(inherited) @executable_path/Frameworks";
				PRODUCT_BUNDLE_IDENTIFIER = person.hnamkung.Tutorial;
				PRODUCT_NAME = "$(TARGET_NAME)";
			};
			name = Release;
		};
/* End XCBuildConfiguration section */

/* Begin XCConfigurationList section */
		F1C3D35A1C4688D6007B13EB /* Build configuration list for PBXProject "Tutorial" */ = {
			isa = XCConfigurationList;
			buildConfigurations = (
				F1C3D36F1C4688D7007B13EB /* Debug */,
				F1C3D3701C4688D7007B13EB /* Release */,
			);
			defaultConfigurationIsVisible = 0;
			defaultConfigurationName = Release;
		};
		F1C3D3711C4688D7007B13EB /* Build configuration list for PBXNativeTarget "Tutorial" */ = {
			isa = XCConfigurationList;
			buildConfigurations = (
				F1C3D3721C4688D7007B13EB /* Debug */,
				F1C3D3731C4688D7007B13EB /* Release */,
			);
			defaultConfigurationIsVisible = 0;
			defaultConfigurationName = Release;
		};
/* End XCConfigurationList section */
	};
	rootObject = F1C3D3571C4688D6007B13EB /* Project object */;
}
